
Microsoft Visual Studio Solution File, Format Version 12.00
# Visual Studio 2012
Project("{FAE04EC0-301F-11D3-BF4B-00C04F79EFBC}") = "CygniLib", "CygniLib\CygniLib.csproj", "{05EDB2F3-4575-4E85-BD8C-3455646BC363}"
EndProject
Global
	GlobalSection(SolutionConfigurationPlatforms) = preSolution
		Debug|Any CPU = Debug|Any CPU
		Release|Any CPU = Release|Any CPU
	EndGlobalSection
	GlobalSection(ProjectConfigurationPlatforms) = postSolution
		{05EDB2F3-4575-4E85-BD8C-3455646BC363}.Debug|Any CPU.ActiveCfg = Debug|Any CPU
		{05EDB2F3-4575-4E85-BD8C-3455646BC363}.Debug|Any CPU.Build.0 = Debug|Any CPU
		{05EDB2F3-4575-4E85-BD8C-3455646BC363}.Release|Any CPU.ActiveCfg = Release|Any CPU
		{05EDB2F3-4575-4E85-BD8C-3455646BC363}.Release|Any CPU.Build.0 = Release|Any CPU
	EndGlobalSection
EndGlobal
